// !$*UTF8*$!
{
	archiveVersion = 1;
	classes = {
	};
	objectVersion = 46;
	objects = {

/* Begin PBXBuildFile section */
		F1DBC37619A3BEAA0056E683 /* MO_DRiP_Beach.1 in CopyFiles */ = {isa = PBXBuildFile; fileRef = F1DBC37519A3BEAA0056E683 /* MO_DRiP_Beach.1 */; };
		F1DBC37D19A3BEF40056E683 /* MO-Beach.cpp in Sources */ = {isa = PBXBuildFile; fileRef = F1DBC37C19A3BEF40056E683 /* MO-Beach.cpp */; };
/* End PBXBuildFile section */

/* Begin PBXCopyFilesBuildPhase section */
		F1DBC36E19A3BEAA0056E683 /* CopyFiles */ = {
			isa = PBXCopyFilesBuildPhase;
			buildActionMask = 2147483647;
			dstPath = /usr/share/man/man1/;
			dstSubfolderSpec = 0;
			files = (
				F1DBC37619A3BEAA0056E683 /* MO_DRiP_Beach.1 in CopyFiles */,
			);
			runOnlyForDeploymentPostprocessing = 1;
		};
/* End PBXCopyFilesBuildPhase section */

/* Begin PBXFileReference section */
		F1DBC37019A3BEAA0056E683 /* MO_DRiP_Beach */ = {isa = PBXFileReference; explicitFileType = "compiled.mach-o.executable"; includeInIndex = 0; path = MO_DRiP_Beach; sourceTree = BUILT_PRODUCTS_DIR; };
		F1DBC37519A3BEAA0056E683 /* MO_DRiP_Beach.1 */ = {isa = PBXFileReference; lastKnownFileType = text.man; path = MO_DRiP_Beach.1; sourceTree = "<group>"; };
		F1DBC37C19A3BEF40056E683 /* MO-Beach.cpp */ = {isa = PBXFileReference; fileEncoding = 4; lastKnownFileType = sourcecode.cpp.cpp; name = "MO-Beach.cpp"; path = "../../MO-Beach.cpp"; sourceTree = "<group>"; };
		F1DBC37E19A3BEFA0056E683 /* Qlearner.h */ = {isa = PBXFileReference; lastKnownFileType = sourcecode.c.h; name = Qlearner.h; path = ../../Qlearner.h; sourceTree = "<group>"; };
		F1DBC37F19A3BF000056E683 /* data_to_plot.h */ = {isa = PBXFileReference; lastKnownFileType = sourcecode.c.h; name = data_to_plot.h; path = ../../data_to_plot.h; sourceTree = "<group>"; };
/* End PBXFileReference section */

/* Begin PBXFrameworksBuildPhase section */
		F1DBC36D19A3BEAA0056E683 /* Frameworks */ = {
			isa = PBXFrameworksBuildPhase;
			buildActionMask = 2147483647;
			files = (
			);
			runOnlyForDeploymentPostprocessing = 0;
		};
/* End PBXFrameworksBuildPhase section */

/* Begin PBXGroup section */
		F1DBC36719A3BEAA0056E683 = {
			isa = PBXGroup;
			children = (
				F1DBC37219A3BEAA0056E683 /* MO_DRiP_Beach */,
				F1DBC37119A3BEAA0056E683 /* Products */,
			);
			sourceTree = "<group>";
		};
		F1DBC37119A3BEAA0056E683 /* Products */ = {
			isa = PBXGroup;
			children = (
				F1DBC37019A3BEAA0056E683 /* MO_DRiP_Beach */,
			);
			name = Products;
			sourceTree = "<group>";
		};
		F1DBC37219A3BEAA0056E683 /* MO_DRiP_Beach */ = {
			isa = PBXGroup;
			children = (
				F1DBC37519A3BEAA0056E683 /* MO_DRiP_Beach.1 */,
				F1DBC37C19A3BEF40056E683 /* MO-Beach.cpp */,
				F1DBC37E19A3BEFA0056E683 /* Qlearner.h */,
				F1DBC37F19A3BF000056E683 /* data_to_plot.h */,
			);
			path = MO_DRiP_Beach;
			sourceTree = "<group>";
		};
/* End PBXGroup section */

/* Begin PBXNativeTarget section */
		F1DBC36F19A3BEAA0056E683 /* MO_DRiP_Beach */ = {
			isa = PBXNativeTarget;
			buildConfigurationList = F1DBC37919A3BEAA0056E683 /* Build configuration list for PBXNativeTarget "MO_DRiP_Beach" */;
			buildPhases = (
				F1DBC36C19A3BEAA0056E683 /* Sources */,
				F1DBC36D19A3BEAA0056E683 /* Frameworks */,
				F1DBC36E19A3BEAA0056E683 /* CopyFiles */,
			);
			buildRules = (
			);
			dependencies = (
			);
			name = MO_DRiP_Beach;
			productName = MO_DRiP_Beach;
			productReference = F1DBC37019A3BEAA0056E683 /* MO_DRiP_Beach */;
			productType = "com.apple.product-type.tool";
		};
/* End PBXNativeTarget section */

/* Begin PBXProject section */
		F1DBC36819A3BEAA0056E683 /* Project object */ = {
			isa = PBXProject;
			attributes = {
				LastUpgradeCheck = 0510;
				ORGANIZATIONNAME = "___Robotics___";
			};
			buildConfigurationList = F1DBC36B19A3BEAA0056E683 /* Build configuration list for PBXProject "MO_DRiP_Beach" */;
			compatibilityVersion = "Xcode 3.2";
			developmentRegion = English;
			hasScannedForEncodings = 0;
			knownRegions = (
				en,
			);
			mainGroup = F1DBC36719A3BEAA0056E683;
			productRefGroup = F1DBC37119A3BEAA0056E683 /* Products */;
			projectDirPath = "";
			projectRoot = "";
			targets = (
				F1DBC36F19A3BEAA0056E683 /* MO_DRiP_Beach */,
			);
		};
/* End PBXProject section */

/* Begin PBXSourcesBuildPhase section */
		F1DBC36C19A3BEAA0056E683 /* Sources */ = {
			isa = PBXSourcesBuildPhase;
			buildActionMask = 2147483647;
			files = (
				F1DBC37D19A3BEF40056E683 /* MO-Beach.cpp in Sources */,
			);
			runOnlyForDeploymentPostprocessing = 0;
		};
/* End PBXSourcesBuildPhase section */

/* Begin XCBuildConfiguration section */
		F1DBC37719A3BEAA0056E683 /* Debug */ = {
			isa = XCBuildConfiguration;
			buildSettings = {
				ALWAYS_SEARCH_USER_PATHS = NO;
				CLANG_CXX_LANGUAGE_STANDARD = "gnu++0x";
				CLANG_CXX_LIBRARY = "libc++";
				CLANG_ENABLE_MODULES = YES;
				CLANG_ENABLE_OBJC_ARC = YES;
				CLANG_WARN_BOOL_CONVERSION = YES;
				CLANG_WARN_CONSTANT_CONVERSION = YES;
				CLANG_WARN_DIRECT_OBJC_ISA_USAGE = YES_ERROR;
				CLANG_WARN_EMPTY_BODY = YES;
				CLANG_WARN_ENUM_CONVERSION = YES;
				CLANG_WARN_INT_CONVERSION = YES;
				CLANG_WARN_OBJC_ROOT_CLASS = YES_ERROR;
				CLANG_WARN__DUPLICATE_METHOD_MATCH = YES;
				COPY_PHASE_STRIP = NO;
				GCC_C_LANGUAGE_STANDARD = gnu99;
				GCC_DYNAMIC_NO_PIC = NO;
				GCC_ENABLE_OBJC_EXCEPTIONS = YES;
				GCC_OPTIMIZATION_LEVEL = 0;
				GCC_PREPROCESSOR_DEFINITIONS = (
					"DEBUG=1",
					"$(inherited)",
				);
				GCC_SYMBOLS_PRIVATE_EXTERN = NO;
				GCC_WARN_64_TO_32_BIT_CONVERSION = YES;
				GCC_WARN_ABOUT_RETURN_TYPE = YES_ERROR;
				GCC_WARN_UNDECLARED_SELECTOR = YES;
				GCC_WARN_UNINITIALIZED_AUTOS = YES_AGGRESSIVE;
				GCC_WARN_UNUSED_FUNCTION = YES;
				GCC_WARN_UNUSED_VARIABLE = YES;
				MACOSX_DEPLOYMENT_TARGET = 10.9;
				ONLY_ACTIVE_ARCH = YES;
				SDKROOT = macosx;
			};
			name = Debug;
		};
		F1DBC37819A3BEAA0056E683 /* Release */ = {
			isa = XCBuildConfiguration;
			buildSettings = {
				ALWAYS_SEARCH_USER_PATHS = NO;
				CLANG_CXX_LANGUAGE_STANDARD = "gnu++0x";
				CLANG_CXX_LIBRARY = "libc++";
				CLANG_ENABLE_MODULES = YES;
				CLANG_ENABLE_OBJC_ARC = YES;
				CLANG_WARN_BOOL_CONVERSION = YES;
				CLANG_WARN_CONSTANT_CONVERSION = YES;
				CLANG_WARN_DIRECT_OBJC_ISA_USAGE = YES_ERROR;
				CLANG_WARN_EMPTY_BODY = YES;
				CLANG_WARN_ENUM_CONVERSION = YES;
				CLANG_WARN_INT_CONVERSION = YES;
				CLANG_WARN_OBJC_ROOT_CLASS = YES_ERROR;
				CLANG_WARN__DUPLICATE_METHOD_MATCH = YES;
				COPY_PHASE_STRIP = YES;
				DEBUG_INFORMATION_FORMAT = "dwarf-with-dsym";
				ENABLE_NS_ASSERTIONS = NO;
				GCC_C_LANGUAGE_STANDARD = gnu99;
				GCC_ENABLE_OBJC_EXCEPTIONS = YES;
				GCC_WARN_64_TO_32_BIT_CONVERSION = YES;
				GCC_WARN_ABOUT_RETURN_TYPE = YES_ERROR;
				GCC_WARN_UNDECLARED_SELECTOR = YES;
				GCC_WARN_UNINITIALIZED_AUTOS = YES_AGGRESSIVE;
				GCC_WARN_UNUSED_FUNCTION = YES;
				GCC_WARN_UNUSED_VARIABLE = YES;
				MACOSX_DEPLOYMENT_TARGET = 10.9;
				SDKROOT = macosx;
			};
			name = Release;
		};
		F1DBC37A19A3BEAA0056E683 /* Debug */ = {
			isa = XCBuildConfiguration;
			buildSettings = {
				PRODUCT_NAME = "$(TARGET_NAME)";
			};
			name = Debug;
		};
		F1DBC37B19A3BEAA0056E683 /* Release */ = {
			isa = XCBuildConfiguration;
			buildSettings = {
				PRODUCT_NAME = "$(TARGET_NAME)";
			};
			name = Release;
		};
/* End XCBuildConfiguration section */

/* Begin XCConfigurationList section */
		F1DBC36B19A3BEAA0056E683 /* Build configuration list for PBXProject "MO_DRiP_Beach" */ = {
			isa = XCConfigurationList;
			buildConfigurations = (
				F1DBC37719A3BEAA0056E683 /* Debug */,
				F1DBC37819A3BEAA0056E683 /* Release */,
			);
			defaultConfigurationIsVisible = 0;
			defaultConfigurationName = Release;
		};
		F1DBC37919A3BEAA0056E683 /* Build configuration list for PBXNativeTarget "MO_DRiP_Beach" */ = {
			isa = XCConfigurationList;
			buildConfigurations = (
				F1DBC37A19A3BEAA0056E683 /* Debug */,
				F1DBC37B19A3BEAA0056E683 /* Release */,
			);
			defaultConfigurationIsVisible = 0;
		};
/* End XCConfigurationList section */
	};
	rootObject = F1DBC36819A3BEAA0056E683 /* Project object */;
}
